
Microsoft Visual Studio Solution File, Format Version 12.00
# Visual Studio 14
VisualStudioVersion = 14.0.25420.1
MinimumVisualStudioVersion = 10.0.40219.1
Project("{FAE04EC0-301F-11D3-BF4B-00C04F79EFBC}") = "4.1 - 4.2   Seperation Of Concerns", "4.1 - 4.2   Seperation Of Concerns\4.1 - 4.2   Seperation Of Concerns.csproj", "{450E5712-669F-45A8-A767-F2476D39C99F}"
EndProject
Project("{FAE04EC0-301F-11D3-BF4B-00C04F79EFBC}") = "4.3 EF CRUD", "4.3 EF CRUD\4.3 EF CRUD.csproj", "{5139BD94-E4B6-4796-9A13-81689115814E}"
EndProject
Project("{FAE04EC0-301F-11D3-BF4B-00C04F79EFBC}") = "5 something something", "5 something something\5 something something.csproj", "{731DBC4D-42B4-4407-9CB7-AF9FE5464173}"
EndProject
Project("{FAE04EC0-301F-11D3-BF4B-00C04F79EFBC}") = "Labb6", "Labb6\Labb6.csproj", "{5DD475EA-699B-433A-AEE1-6FB6FE83D3C0}"
EndProject
Global
	GlobalSection(SolutionConfigurationPlatforms) = preSolution
		Debug|Any CPU = Debug|Any CPU
		Release|Any CPU = Release|Any CPU
	EndGlobalSection
	GlobalSection(ProjectConfigurationPlatforms) = postSolution
		{450E5712-669F-45A8-A767-F2476D39C99F}.Debug|Any CPU.ActiveCfg = Debug|Any CPU
		{450E5712-669F-45A8-A767-F2476D39C99F}.Debug|Any CPU.Build.0 = Debug|Any CPU
		{450E5712-669F-45A8-A767-F2476D39C99F}.Release|Any CPU.ActiveCfg = Release|Any CPU
		{450E5712-669F-45A8-A767-F2476D39C99F}.Release|Any CPU.Build.0 = Release|Any CPU
		{5139BD94-E4B6-4796-9A13-81689115814E}.Debug|Any CPU.ActiveCfg = Debug|Any CPU
		{5139BD94-E4B6-4796-9A13-81689115814E}.Debug|Any CPU.Build.0 = Debug|Any CPU
		{5139BD94-E4B6-4796-9A13-81689115814E}.Release|Any CPU.ActiveCfg = Release|Any CPU
		{5139BD94-E4B6-4796-9A13-81689115814E}.Release|Any CPU.Build.0 = Release|Any CPU
		{731DBC4D-42B4-4407-9CB7-AF9FE5464173}.Debug|Any CPU.ActiveCfg = Debug|Any CPU
		{731DBC4D-42B4-4407-9CB7-AF9FE5464173}.Debug|Any CPU.Build.0 = Debug|Any CPU
		{731DBC4D-42B4-4407-9CB7-AF9FE5464173}.Release|Any CPU.ActiveCfg = Release|Any CPU
		{731DBC4D-42B4-4407-9CB7-AF9FE5464173}.Release|Any CPU.Build.0 = Release|Any CPU
		{5DD475EA-699B-433A-AEE1-6FB6FE83D3C0}.Debug|Any CPU.ActiveCfg = Debug|Any CPU
		{5DD475EA-699B-433A-AEE1-6FB6FE83D3C0}.Debug|Any CPU.Build.0 = Debug|Any CPU
		{5DD475EA-699B-433A-AEE1-6FB6FE83D3C0}.Release|Any CPU.ActiveCfg = Release|Any CPU
		{5DD475EA-699B-433A-AEE1-6FB6FE83D3C0}.Release|Any CPU.Build.0 = Release|Any CPU
	EndGlobalSection
	GlobalSection(SolutionProperties) = preSolution
		HideSolutionNode = FALSE
	EndGlobalSection
EndGlobal
